
Microsoft Visual Studio Solution File, Format Version 12.00
# Visual Studio 15
VisualStudioVersion = 15.0.28010.2050
MinimumVisualStudioVersion = 10.0.40219.1
Project("{FAE04EC0-301F-11D3-BF4B-00C04F79EFBC}") = "SMTP Email Customizer", "SMTP Email Customizer\SMTP Email Customizer.csproj", "{1C67AFC5-FDD6-4E33-98CE-4D78E2CB097B}"
EndProject
Global
	GlobalSection(SolutionConfigurationPlatforms) = preSolution
		Debug|Any CPU = Debug|Any CPU
		Release|Any CPU = Release|Any CPU
	EndGlobalSection
	GlobalSection(ProjectConfigurationPlatforms) = postSolution
		{1C67AFC5-FDD6-4E33-98CE-4D78E2CB097B}.Debug|Any CPU.ActiveCfg = Debug|Any CPU
		{1C67AFC5-FDD6-4E33-98CE-4D78E2CB097B}.Debug|Any CPU.Build.0 = Debug|Any CPU
		{1C67AFC5-FDD6-4E33-98CE-4D78E2CB097B}.Release|Any CPU.ActiveCfg = Release|Any CPU
		{1C67AFC5-FDD6-4E33-98CE-4D78E2CB097B}.Release|Any CPU.Build.0 = Release|Any CPU
	EndGlobalSection
	GlobalSection(SolutionProperties) = preSolution
		HideSolutionNode = FALSE
	EndGlobalSection
	GlobalSection(ExtensibilityGlobals) = postSolution
		SolutionGuid = {C7E3B24F-04F2-4B58-A63E-C2BAE1ACF6B2}
	EndGlobalSection
EndGlobal
